
Microsoft Visual Studio Solution File, Format Version 12.00
# Visual Studio Version 17
VisualStudioVersion = 17.7.34202.233
MinimumVisualStudioVersion = 10.0.40219.1
Project("{9A19103F-16F7-4668-BE54-9A1E7A4F7556}") = "BlazorTrainingOkt_237423", "BlazorTrainingOkt_237423\BlazorTrainingOkt_237423.csproj", "{2DA9D450-7C34-41AE-97D1-FD00EE9B7B49}"
EndProject
Project("{FAE04EC0-301F-11D3-BF4B-00C04F79EFBC}") = "RazorClassLibrary1", "RazorClassLibrary1\RazorClassLibrary1.csproj", "{89F8A2A8-AA61-498E-A244-BD132202A453}"
EndProject
Global
	GlobalSection(SolutionConfigurationPlatforms) = preSolution
		Debug|Any CPU = Debug|Any CPU
		Release|Any CPU = Release|Any CPU
	EndGlobalSection
	GlobalSection(ProjectConfigurationPlatforms) = postSolution
		{2DA9D450-7C34-41AE-97D1-FD00EE9B7B49}.Debug|Any CPU.ActiveCfg = Debug|Any CPU
		{2DA9D450-7C34-41AE-97D1-FD00EE9B7B49}.Debug|Any CPU.Build.0 = Debug|Any CPU
		{2DA9D450-7C34-41AE-97D1-FD00EE9B7B49}.Release|Any CPU.ActiveCfg = Release|Any CPU
		{2DA9D450-7C34-41AE-97D1-FD00EE9B7B49}.Release|Any CPU.Build.0 = Release|Any CPU
		{89F8A2A8-AA61-498E-A244-BD132202A453}.Debug|Any CPU.ActiveCfg = Debug|Any CPU
		{89F8A2A8-AA61-498E-A244-BD132202A453}.Debug|Any CPU.Build.0 = Debug|Any CPU
		{89F8A2A8-AA61-498E-A244-BD132202A453}.Release|Any CPU.ActiveCfg = Release|Any CPU
		{89F8A2A8-AA61-498E-A244-BD132202A453}.Release|Any CPU.Build.0 = Release|Any CPU
	EndGlobalSection
	GlobalSection(SolutionProperties) = preSolution
		HideSolutionNode = FALSE
	EndGlobalSection
	GlobalSection(ExtensibilityGlobals) = postSolution
		SolutionGuid = {5CFEB094-A97B-4D7C-9770-24462C2B1EA4}
	EndGlobalSection
EndGlobal
